
Microsoft Visual Studio Solution File, Format Version 11.00
# Visual Studio 2010
Project("{FAE04EC0-301F-11D3-BF4B-00C04F79EFBC}") = "Assembly-CSharp", "Assembly-CSharp.csproj", "{39675046-5106-AE75-E3A2-8BB5ECB39C21}"
EndProject
Project("{FAE04EC0-301F-11D3-BF4B-00C04F79EFBC}") = "Assembly-CSharp-firstpass", "Assembly-CSharp-firstpass.csproj", "{410FA875-2E0A-122C-CC34-E9EA85BB8ADE}"
EndProject
Project("{FAE04EC0-301F-11D3-BF4B-00C04F79EFBC}") = "Assembly-CSharp-Editor-firstpass", "Assembly-CSharp-Editor-firstpass.csproj", "{5DA631BB-8C71-3598-D5B8-4B479FE76596}"
EndProject
Global
	GlobalSection(SolutionConfigurationPlatforms) = preSolution
		Debug|Any CPU = Debug|Any CPU
		Release|Any CPU = Release|Any CPU
	EndGlobalSection
	GlobalSection(ProjectConfigurationPlatforms) = postSolution
		{39675046-5106-AE75-E3A2-8BB5ECB39C21}.Debug|Any CPU.ActiveCfg = Debug|Any CPU
		{39675046-5106-AE75-E3A2-8BB5ECB39C21}.Debug|Any CPU.Build.0 = Debug|Any CPU
		{39675046-5106-AE75-E3A2-8BB5ECB39C21}.Release|Any CPU.ActiveCfg = Release|Any CPU
		{39675046-5106-AE75-E3A2-8BB5ECB39C21}.Release|Any CPU.Build.0 = Release|Any CPU
		{410FA875-2E0A-122C-CC34-E9EA85BB8ADE}.Debug|Any CPU.ActiveCfg = Debug|Any CPU
		{410FA875-2E0A-122C-CC34-E9EA85BB8ADE}.Debug|Any CPU.Build.0 = Debug|Any CPU
		{410FA875-2E0A-122C-CC34-E9EA85BB8ADE}.Release|Any CPU.ActiveCfg = Release|Any CPU
		{410FA875-2E0A-122C-CC34-E9EA85BB8ADE}.Release|Any CPU.Build.0 = Release|Any CPU
		{5DA631BB-8C71-3598-D5B8-4B479FE76596}.Debug|Any CPU.ActiveCfg = Debug|Any CPU
		{5DA631BB-8C71-3598-D5B8-4B479FE76596}.Debug|Any CPU.Build.0 = Debug|Any CPU
		{5DA631BB-8C71-3598-D5B8-4B479FE76596}.Release|Any CPU.ActiveCfg = Release|Any CPU
		{5DA631BB-8C71-3598-D5B8-4B479FE76596}.Release|Any CPU.Build.0 = Release|Any CPU
	EndGlobalSection
	GlobalSection(SolutionProperties) = preSolution
		HideSolutionNode = FALSE
	EndGlobalSection
	GlobalSection(MonoDevelopProperties) = preSolution
		StartupItem = Assembly-CSharp.csproj
	EndGlobalSection
EndGlobal
